
Microsoft Visual Studio Solution File, Format Version 12.00
# Visual Studio Version 17
VisualStudioVersion = 17.0.31903.59
MinimumVisualStudioVersion = 10.0.40219.1
Project("{2150E333-8FDC-42A3-9474-1A3956D46DE8}") = "src", "src", "{3BC17CFF-3F13-45C9-8F3D-70722BF641B5}"
EndProject
Project("{2150E333-8FDC-42A3-9474-1A3956D46DE8}") = "tst", "tst", "{8C2289D0-C254-4C39-BD7D-19F5C730EC73}"
EndProject
Project("{9A19103F-16F7-4668-BE54-9A1E7A4F7556}") = "KF.Kafka", "src\KF.Kafka\KF.Kafka.csproj", "{602C4282-670C-4C15-B2F2-9D49DACCFC3B}"
EndProject
Project("{9A19103F-16F7-4668-BE54-9A1E7A4F7556}") = "KF.Kafka.AdminClient", "src\KF.Kafka.AdminClient\KF.Kafka.AdminClient.csproj", "{C65EB648-2B90-415D-9975-EFB1D9FA6B4E}"
EndProject
Project("{9A19103F-16F7-4668-BE54-9A1E7A4F7556}") = "KF.Kafka.Configuration", "src\KF.Kafka.Configuration\KF.Kafka.Configuration.csproj", "{43302701-D0D2-4A22-BBA1-78D6F94F2198}"
EndProject
Project("{9A19103F-16F7-4668-BE54-9A1E7A4F7556}") = "KF.Kafka.Configuration.AspNetCore", "src\KF.Kafka.Configuration.AspNetCore\KF.Kafka.Configuration.AspNetCore.csproj", "{227CD38E-7C7C-46EC-ADEB-179C743C95A8}"
EndProject
Project("{9A19103F-16F7-4668-BE54-9A1E7A4F7556}") = "KF.Kafka.Consumer", "src\KF.Kafka.Consumer\KF.Kafka.Consumer.csproj", "{0573A331-26F5-4D5B-AE80-2FFBFF8D0F03}"
EndProject
Project("{9A19103F-16F7-4668-BE54-9A1E7A4F7556}") = "KF.Kafka.Core", "src\KF.Kafka.Core\KF.Kafka.Core.csproj", "{C0694142-5F1B-46BE-8A91-C1E914DBCCEB}"
EndProject
Project("{9A19103F-16F7-4668-BE54-9A1E7A4F7556}") = "KF.Kafka.Producer", "src\KF.Kafka.Producer\KF.Kafka.Producer.csproj", "{44A6C02E-F3F9-47E7-8478-B3064A7DF7CD}"
EndProject
Project("{9A19103F-16F7-4668-BE54-9A1E7A4F7556}") = "KF.Kafka.AdminClient.IntegrationTests", "tst\KF.Kafka.AdminClient.IntegrationTests\KF.Kafka.AdminClient.IntegrationTests.csproj", "{3F561740-E14C-4C43-B19E-47634A99F922}"
EndProject
Project("{9A19103F-16F7-4668-BE54-9A1E7A4F7556}") = "KF.Kafka.AdminClient.Tests", "tst\KF.Kafka.AdminClient.Tests\KF.Kafka.AdminClient.Tests.csproj", "{CB1C8683-23FA-4882-988A-C46F55A7719A}"
EndProject
Project("{9A19103F-16F7-4668-BE54-9A1E7A4F7556}") = "KF.Kafka.Configuration.Tests", "tst\KF.Kafka.Configuration.Tests\KF.Kafka.Configuration.Tests.csproj", "{35F44573-4A1D-466A-AAC2-E6052C34C780}"
EndProject
Project("{9A19103F-16F7-4668-BE54-9A1E7A4F7556}") = "KF.Kafka.Consumer.IntegrationTests", "tst\KF.Kafka.Consumer.IntegrationTests\KF.Kafka.Consumer.IntegrationTests.csproj", "{CE203CA5-E88B-4C55-BFEC-BF608360796F}"
EndProject
Project("{9A19103F-16F7-4668-BE54-9A1E7A4F7556}") = "KF.Kafka.Consumer.Tests", "tst\KF.Kafka.Consumer.Tests\KF.Kafka.Consumer.Tests.csproj", "{85B59FE5-BB8D-40B9-9969-68FDB519B487}"
EndProject
Project("{9A19103F-16F7-4668-BE54-9A1E7A4F7556}") = "KF.Kafka.Core.Tests", "tst\KF.Kafka.Core.Tests\KF.Kafka.Core.Tests.csproj", "{A1E72C84-8F0D-43FF-B016-59D6032396DC}"
EndProject
Project("{9A19103F-16F7-4668-BE54-9A1E7A4F7556}") = "KF.Kafka.Producer.IntegrationTests", "tst\KF.Kafka.Producer.IntegrationTests\KF.Kafka.Producer.IntegrationTests.csproj", "{F57B994C-E1E2-42B7-868D-95B187F36BFD}"
EndProject
Project("{9A19103F-16F7-4668-BE54-9A1E7A4F7556}") = "KF.Kafka.Producer.Tests", "tst\KF.Kafka.Producer.Tests\KF.Kafka.Producer.Tests.csproj", "{8D060C37-AB6B-4134-AE4F-0DEF9F324671}"
EndProject
Global
	GlobalSection(SolutionConfigurationPlatforms) = preSolution
		Debug|Any CPU = Debug|Any CPU
		Release|Any CPU = Release|Any CPU
	EndGlobalSection
	GlobalSection(ProjectConfigurationPlatforms) = postSolution
		{602C4282-670C-4C15-B2F2-9D49DACCFC3B}.Debug|Any CPU.ActiveCfg = Debug|Any CPU
		{602C4282-670C-4C15-B2F2-9D49DACCFC3B}.Debug|Any CPU.Build.0 = Debug|Any CPU
		{602C4282-670C-4C15-B2F2-9D49DACCFC3B}.Release|Any CPU.ActiveCfg = Release|Any CPU
		{602C4282-670C-4C15-B2F2-9D49DACCFC3B}.Release|Any CPU.Build.0 = Release|Any CPU
		{C65EB648-2B90-415D-9975-EFB1D9FA6B4E}.Debug|Any CPU.ActiveCfg = Debug|Any CPU
		{C65EB648-2B90-415D-9975-EFB1D9FA6B4E}.Debug|Any CPU.Build.0 = Debug|Any CPU
		{C65EB648-2B90-415D-9975-EFB1D9FA6B4E}.Release|Any CPU.ActiveCfg = Release|Any CPU
		{C65EB648-2B90-415D-9975-EFB1D9FA6B4E}.Release|Any CPU.Build.0 = Release|Any CPU
		{43302701-D0D2-4A22-BBA1-78D6F94F2198}.Debug|Any CPU.ActiveCfg = Debug|Any CPU
		{43302701-D0D2-4A22-BBA1-78D6F94F2198}.Debug|Any CPU.Build.0 = Debug|Any CPU
		{43302701-D0D2-4A22-BBA1-78D6F94F2198}.Release|Any CPU.ActiveCfg = Release|Any CPU
		{43302701-D0D2-4A22-BBA1-78D6F94F2198}.Release|Any CPU.Build.0 = Release|Any CPU
		{227CD38E-7C7C-46EC-ADEB-179C743C95A8}.Debug|Any CPU.ActiveCfg = Debug|Any CPU
		{227CD38E-7C7C-46EC-ADEB-179C743C95A8}.Debug|Any CPU.Build.0 = Debug|Any CPU
		{227CD38E-7C7C-46EC-ADEB-179C743C95A8}.Release|Any CPU.ActiveCfg = Release|Any CPU
		{227CD38E-7C7C-46EC-ADEB-179C743C95A8}.Release|Any CPU.Build.0 = Release|Any CPU
		{0573A331-26F5-4D5B-AE80-2FFBFF8D0F03}.Debug|Any CPU.ActiveCfg = Debug|Any CPU
		{0573A331-26F5-4D5B-AE80-2FFBFF8D0F03}.Debug|Any CPU.Build.0 = Debug|Any CPU
		{0573A331-26F5-4D5B-AE80-2FFBFF8D0F03}.Release|Any CPU.ActiveCfg = Release|Any CPU
		{0573A331-26F5-4D5B-AE80-2FFBFF8D0F03}.Release|Any CPU.Build.0 = Release|Any CPU
		{C0694142-5F1B-46BE-8A91-C1E914DBCCEB}.Debug|Any CPU.ActiveCfg = Debug|Any CPU
		{C0694142-5F1B-46BE-8A91-C1E914DBCCEB}.Debug|Any CPU.Build.0 = Debug|Any CPU
		{C0694142-5F1B-46BE-8A91-C1E914DBCCEB}.Release|Any CPU.ActiveCfg = Release|Any CPU
		{C0694142-5F1B-46BE-8A91-C1E914DBCCEB}.Release|Any CPU.Build.0 = Release|Any CPU
		{44A6C02E-F3F9-47E7-8478-B3064A7DF7CD}.Debug|Any CPU.ActiveCfg = Debug|Any CPU
		{44A6C02E-F3F9-47E7-8478-B3064A7DF7CD}.Debug|Any CPU.Build.0 = Debug|Any CPU
		{44A6C02E-F3F9-47E7-8478-B3064A7DF7CD}.Release|Any CPU.ActiveCfg = Release|Any CPU
		{44A6C02E-F3F9-47E7-8478-B3064A7DF7CD}.Release|Any CPU.Build.0 = Release|Any CPU
		{3F561740-E14C-4C43-B19E-47634A99F922}.Debug|Any CPU.ActiveCfg = Debug|Any CPU
		{3F561740-E14C-4C43-B19E-47634A99F922}.Debug|Any CPU.Build.0 = Debug|Any CPU
		{3F561740-E14C-4C43-B19E-47634A99F922}.Release|Any CPU.ActiveCfg = Release|Any CPU
		{3F561740-E14C-4C43-B19E-47634A99F922}.Release|Any CPU.Build.0 = Release|Any CPU
		{CB1C8683-23FA-4882-988A-C46F55A7719A}.Debug|Any CPU.ActiveCfg = Debug|Any CPU
		{CB1C8683-23FA-4882-988A-C46F55A7719A}.Debug|Any CPU.Build.0 = Debug|Any CPU
		{CB1C8683-23FA-4882-988A-C46F55A7719A}.Release|Any CPU.ActiveCfg = Release|Any CPU
		{CB1C8683-23FA-4882-988A-C46F55A7719A}.Release|Any CPU.Build.0 = Release|Any CPU
		{35F44573-4A1D-466A-AAC2-E6052C34C780}.Debug|Any CPU.ActiveCfg = Debug|Any CPU
		{35F44573-4A1D-466A-AAC2-E6052C34C780}.Debug|Any CPU.Build.0 = Debug|Any CPU
		{35F44573-4A1D-466A-AAC2-E6052C34C780}.Release|Any CPU.ActiveCfg = Release|Any CPU
		{35F44573-4A1D-466A-AAC2-E6052C34C780}.Release|Any CPU.Build.0 = Release|Any CPU
		{CE203CA5-E88B-4C55-BFEC-BF608360796F}.Debug|Any CPU.ActiveCfg = Debug|Any CPU
		{CE203CA5-E88B-4C55-BFEC-BF608360796F}.Debug|Any CPU.Build.0 = Debug|Any CPU
		{CE203CA5-E88B-4C55-BFEC-BF608360796F}.Release|Any CPU.ActiveCfg = Release|Any CPU
		{CE203CA5-E88B-4C55-BFEC-BF608360796F}.Release|Any CPU.Build.0 = Release|Any CPU
		{85B59FE5-BB8D-40B9-9969-68FDB519B487}.Debug|Any CPU.ActiveCfg = Debug|Any CPU
		{85B59FE5-BB8D-40B9-9969-68FDB519B487}.Debug|Any CPU.Build.0 = Debug|Any CPU
		{85B59FE5-BB8D-40B9-9969-68FDB519B487}.Release|Any CPU.ActiveCfg = Release|Any CPU
		{85B59FE5-BB8D-40B9-9969-68FDB519B487}.Release|Any CPU.Build.0 = Release|Any CPU
		{A1E72C84-8F0D-43FF-B016-59D6032396DC}.Debug|Any CPU.ActiveCfg = Debug|Any CPU
		{A1E72C84-8F0D-43FF-B016-59D6032396DC}.Debug|Any CPU.Build.0 = Debug|Any CPU
		{A1E72C84-8F0D-43FF-B016-59D6032396DC}.Release|Any CPU.ActiveCfg = Release|Any CPU
		{A1E72C84-8F0D-43FF-B016-59D6032396DC}.Release|Any CPU.Build.0 = Release|Any CPU
		{F57B994C-E1E2-42B7-868D-95B187F36BFD}.Debug|Any CPU.ActiveCfg = Debug|Any CPU
		{F57B994C-E1E2-42B7-868D-95B187F36BFD}.Debug|Any CPU.Build.0 = Debug|Any CPU
		{F57B994C-E1E2-42B7-868D-95B187F36BFD}.Release|Any CPU.ActiveCfg = Release|Any CPU
		{F57B994C-E1E2-42B7-868D-95B187F36BFD}.Release|Any CPU.Build.0 = Release|Any CPU
		{8D060C37-AB6B-4134-AE4F-0DEF9F324671}.Debug|Any CPU.ActiveCfg = Debug|Any CPU
		{8D060C37-AB6B-4134-AE4F-0DEF9F324671}.Debug|Any CPU.Build.0 = Debug|Any CPU
		{8D060C37-AB6B-4134-AE4F-0DEF9F324671}.Release|Any CPU.ActiveCfg = Release|Any CPU
		{8D060C37-AB6B-4134-AE4F-0DEF9F324671}.Release|Any CPU.Build.0 = Release|Any CPU
	EndGlobalSection
	GlobalSection(SolutionProperties) = preSolution
		HideSolutionNode = FALSE
	EndGlobalSection
	GlobalSection(NestedProjects) = preSolution
		{602C4282-670C-4C15-B2F2-9D49DACCFC3B} = {3BC17CFF-3F13-45C9-8F3D-70722BF641B5}
		{C65EB648-2B90-415D-9975-EFB1D9FA6B4E} = {3BC17CFF-3F13-45C9-8F3D-70722BF641B5}
		{43302701-D0D2-4A22-BBA1-78D6F94F2198} = {3BC17CFF-3F13-45C9-8F3D-70722BF641B5}
		{227CD38E-7C7C-46EC-ADEB-179C743C95A8} = {3BC17CFF-3F13-45C9-8F3D-70722BF641B5}
		{0573A331-26F5-4D5B-AE80-2FFBFF8D0F03} = {3BC17CFF-3F13-45C9-8F3D-70722BF641B5}
		{C0694142-5F1B-46BE-8A91-C1E914DBCCEB} = {3BC17CFF-3F13-45C9-8F3D-70722BF641B5}
		{44A6C02E-F3F9-47E7-8478-B3064A7DF7CD} = {3BC17CFF-3F13-45C9-8F3D-70722BF641B5}
		{3F561740-E14C-4C43-B19E-47634A99F922} = {8C2289D0-C254-4C39-BD7D-19F5C730EC73}
		{CB1C8683-23FA-4882-988A-C46F55A7719A} = {8C2289D0-C254-4C39-BD7D-19F5C730EC73}
		{35F44573-4A1D-466A-AAC2-E6052C34C780} = {8C2289D0-C254-4C39-BD7D-19F5C730EC73}
		{CE203CA5-E88B-4C55-BFEC-BF608360796F} = {8C2289D0-C254-4C39-BD7D-19F5C730EC73}
		{85B59FE5-BB8D-40B9-9969-68FDB519B487} = {8C2289D0-C254-4C39-BD7D-19F5C730EC73}
		{A1E72C84-8F0D-43FF-B016-59D6032396DC} = {8C2289D0-C254-4C39-BD7D-19F5C730EC73}
		{F57B994C-E1E2-42B7-868D-95B187F36BFD} = {8C2289D0-C254-4C39-BD7D-19F5C730EC73}
		{8D060C37-AB6B-4134-AE4F-0DEF9F324671} = {8C2289D0-C254-4C39-BD7D-19F5C730EC73}
	EndGlobalSection
EndGlobal

